
Microsoft Visual Studio Solution File, Format Version 12.00
# Visual Studio 15
VisualStudioVersion = 15.0.28010.2050
MinimumVisualStudioVersion = 10.0.40219.1
Project("{FAE04EC0-301F-11D3-BF4B-00C04F79EFBC}") = "ShoesOnline", "masterpage1\ShoesOnline.csproj", "{985EACF2-66A3-4A25-931F-0C592A3DE5C0}"
EndProject
Global
	GlobalSection(SolutionConfigurationPlatforms) = preSolution
		Debug|Any CPU = Debug|Any CPU
		Release|Any CPU = Release|Any CPU
	EndGlobalSection
	GlobalSection(ProjectConfigurationPlatforms) = postSolution
		{985EACF2-66A3-4A25-931F-0C592A3DE5C0}.Debug|Any CPU.ActiveCfg = Debug|Any CPU
		{985EACF2-66A3-4A25-931F-0C592A3DE5C0}.Debug|Any CPU.Build.0 = Debug|Any CPU
		{985EACF2-66A3-4A25-931F-0C592A3DE5C0}.Release|Any CPU.ActiveCfg = Release|Any CPU
		{985EACF2-66A3-4A25-931F-0C592A3DE5C0}.Release|Any CPU.Build.0 = Release|Any CPU
	EndGlobalSection
	GlobalSection(SolutionProperties) = preSolution
		HideSolutionNode = FALSE
	EndGlobalSection
	GlobalSection(ExtensibilityGlobals) = postSolution
		SolutionGuid = {274ED0C0-331A-414C-B269-D2BAEFE33F34}
	EndGlobalSection
EndGlobal
