
Microsoft Visual Studio Solution File, Format Version 12.00
# Visual Studio 15
VisualStudioVersion = 15.0.28307.271
MinimumVisualStudioVersion = 10.0.40219.1
Project("{FAE04EC0-301F-11D3-BF4B-00C04F79EFBC}") = "ShoesWebApp", "ShoesWebApp\ShoesWebApp.csproj", "{FC4AEC84-0F93-49D2-A5E2-0BA87BF552EF}"
EndProject
Global
	GlobalSection(SolutionConfigurationPlatforms) = preSolution
		Debug|Any CPU = Debug|Any CPU
		Release|Any CPU = Release|Any CPU
	EndGlobalSection
	GlobalSection(ProjectConfigurationPlatforms) = postSolution
		{FC4AEC84-0F93-49D2-A5E2-0BA87BF552EF}.Debug|Any CPU.ActiveCfg = Debug|Any CPU
		{FC4AEC84-0F93-49D2-A5E2-0BA87BF552EF}.Debug|Any CPU.Build.0 = Debug|Any CPU
		{FC4AEC84-0F93-49D2-A5E2-0BA87BF552EF}.Release|Any CPU.ActiveCfg = Release|Any CPU
		{FC4AEC84-0F93-49D2-A5E2-0BA87BF552EF}.Release|Any CPU.Build.0 = Release|Any CPU
	EndGlobalSection
	GlobalSection(SolutionProperties) = preSolution
		HideSolutionNode = FALSE
	EndGlobalSection
	GlobalSection(ExtensibilityGlobals) = postSolution
		SolutionGuid = {97C43397-1648-4750-AF9F-58B9D78F1CB6}
	EndGlobalSection
EndGlobal
